
Microsoft Visual Studio Solution File, Format Version 12.00
# Visual Studio Version 17
VisualStudioVersion = 17.12.35527.113 d17.12
MinimumVisualStudioVersion = 10.0.40219.1
Project("{FAE04EC0-301F-11D3-BF4B-00C04F79EFBC}") = "DbTypes", "DbTypes\DbTypes.csproj", "{C9966333-8648-4A33-917D-239589EC3FFB}"
EndProject
Project("{FAE04EC0-301F-11D3-BF4B-00C04F79EFBC}") = "Db", "Db\Db.csproj", "{6402DA0D-EBE1-4474-966C-52B40D903534}"
EndProject
Project("{FAE04EC0-301F-11D3-BF4B-00C04F79EFBC}") = "ClientApp", "ClientApp\ClientApp.csproj", "{62768465-C98F-483E-8626-C5B18DB10F76}"
EndProject
Project("{FAE04EC0-301F-11D3-BF4B-00C04F79EFBC}") = "DbApp", "DbApp\DbApp.csproj", "{6EF58241-751B-4A0A-8989-1F943B966800}"
EndProject
Global
	GlobalSection(SolutionConfigurationPlatforms) = preSolution
		Debug|Any CPU = Debug|Any CPU
		Release|Any CPU = Release|Any CPU
	EndGlobalSection
	GlobalSection(ProjectConfigurationPlatforms) = postSolution
		{C9966333-8648-4A33-917D-239589EC3FFB}.Debug|Any CPU.ActiveCfg = Debug|Any CPU
		{C9966333-8648-4A33-917D-239589EC3FFB}.Debug|Any CPU.Build.0 = Debug|Any CPU
		{C9966333-8648-4A33-917D-239589EC3FFB}.Release|Any CPU.ActiveCfg = Release|Any CPU
		{C9966333-8648-4A33-917D-239589EC3FFB}.Release|Any CPU.Build.0 = Release|Any CPU
		{6402DA0D-EBE1-4474-966C-52B40D903534}.Debug|Any CPU.ActiveCfg = Debug|Any CPU
		{6402DA0D-EBE1-4474-966C-52B40D903534}.Debug|Any CPU.Build.0 = Debug|Any CPU
		{6402DA0D-EBE1-4474-966C-52B40D903534}.Release|Any CPU.ActiveCfg = Release|Any CPU
		{6402DA0D-EBE1-4474-966C-52B40D903534}.Release|Any CPU.Build.0 = Release|Any CPU
		{62768465-C98F-483E-8626-C5B18DB10F76}.Debug|Any CPU.ActiveCfg = Debug|Any CPU
		{62768465-C98F-483E-8626-C5B18DB10F76}.Debug|Any CPU.Build.0 = Debug|Any CPU
		{62768465-C98F-483E-8626-C5B18DB10F76}.Release|Any CPU.ActiveCfg = Release|Any CPU
		{62768465-C98F-483E-8626-C5B18DB10F76}.Release|Any CPU.Build.0 = Release|Any CPU
		{6EF58241-751B-4A0A-8989-1F943B966800}.Debug|Any CPU.ActiveCfg = Debug|Any CPU
		{6EF58241-751B-4A0A-8989-1F943B966800}.Debug|Any CPU.Build.0 = Debug|Any CPU
		{6EF58241-751B-4A0A-8989-1F943B966800}.Release|Any CPU.ActiveCfg = Release|Any CPU
		{6EF58241-751B-4A0A-8989-1F943B966800}.Release|Any CPU.Build.0 = Release|Any CPU
	EndGlobalSection
	GlobalSection(SolutionProperties) = preSolution
		HideSolutionNode = FALSE
	EndGlobalSection
EndGlobal
